// !$*UTF8*$!
{
	archiveVersion = 1;
	classes = {
	};
	objectVersion = 56;
	objects = {

/* Begin PBXBuildFile section */
		F8031FFC2A7BE448008579F1 /* Trail_CompanionApp.swift in Sources */ = {isa = PBXBuildFile; fileRef = F8031FFB2A7BE448008579F1 /* Trail_CompanionApp.swift */; };
		F8031FFE2A7BE448008579F1 /* ContentView.swift in Sources */ = {isa = PBXBuildFile; fileRef = F8031FFD2A7BE448008579F1 /* ContentView.swift */; };
		F80320002A7BE449008579F1 /* Assets.xcassets in Resources */ = {isa = PBXBuildFile; fileRef = F8031FFF2A7BE449008579F1 /* Assets.xcassets */; };
		F80320042A7BE449008579F1 /* Preview Assets.xcassets in Resources */ = {isa = PBXBuildFile; fileRef = F80320032A7BE449008579F1 /* Preview Assets.xcassets */; };
		F803200E2A7BE449008579F1 /* Trail_CompanionTests.swift in Sources */ = {isa = PBXBuildFile; fileRef = F803200D2A7BE449008579F1 /* Trail_CompanionTests.swift */; };
		F80320182A7BE449008579F1 /* Trail_CompanionUITests.swift in Sources */ = {isa = PBXBuildFile; fileRef = F80320172A7BE449008579F1 /* Trail_CompanionUITests.swift */; };
		F803201A2A7BE449008579F1 /* Trail_CompanionUITestsLaunchTests.swift in Sources */ = {isa = PBXBuildFile; fileRef = F80320192A7BE449008579F1 /* Trail_CompanionUITestsLaunchTests.swift */; };
/* End PBXBuildFile section */

/* Begin PBXContainerItemProxy section */
		F803200A2A7BE449008579F1 /* PBXContainerItemProxy */ = {
			isa = PBXContainerItemProxy;
			containerPortal = F8031FF02A7BE448008579F1 /* Project object */;
			proxyType = 1;
			remoteGlobalIDString = F8031FF72A7BE448008579F1;
			remoteInfo = "Trail Companion";
		};
		F80320142A7BE449008579F1 /* PBXContainerItemProxy */ = {
			isa = PBXContainerItemProxy;
			containerPortal = F8031FF02A7BE448008579F1 /* Project object */;
			proxyType = 1;
			remoteGlobalIDString = F8031FF72A7BE448008579F1;
			remoteInfo = "Trail Companion";
		};
/* End PBXContainerItemProxy section */

/* Begin PBXFileReference section */
		F8031FF82A7BE448008579F1 /* Trail Companion.app */ = {isa = PBXFileReference; explicitFileType = wrapper.application; includeInIndex = 0; path = "Trail Companion.app"; sourceTree = BUILT_PRODUCTS_DIR; };
		F8031FFB2A7BE448008579F1 /* Trail_CompanionApp.swift */ = {isa = PBXFileReference; lastKnownFileType = sourcecode.swift; path = Trail_CompanionApp.swift; sourceTree = "<group>"; };
		F8031FFD2A7BE448008579F1 /* ContentView.swift */ = {isa = PBXFileReference; lastKnownFileType = sourcecode.swift; path = ContentView.swift; sourceTree = "<group>"; };
		F8031FFF2A7BE449008579F1 /* Assets.xcassets */ = {isa = PBXFileReference; lastKnownFileType = folder.assetcatalog; path = Assets.xcassets; sourceTree = "<group>"; };
		F80320012A7BE449008579F1 /* Trail_Companion.entitlements */ = {isa = PBXFileReference; lastKnownFileType = text.plist.entitlements; path = Trail_Companion.entitlements; sourceTree = "<group>"; };
		F80320032A7BE449008579F1 /* Preview Assets.xcassets */ = {isa = PBXFileReference; lastKnownFileType = folder.assetcatalog; path = "Preview Assets.xcassets"; sourceTree = "<group>"; };
		F80320092A7BE449008579F1 /* Trail CompanionTests.xctest */ = {isa = PBXFileReference; explicitFileType = wrapper.cfbundle; includeInIndex = 0; path = "Trail CompanionTests.xctest"; sourceTree = BUILT_PRODUCTS_DIR; };
		F803200D2A7BE449008579F1 /* Trail_CompanionTests.swift */ = {isa = PBXFileReference; lastKnownFileType = sourcecode.swift; path = Trail_CompanionTests.swift; sourceTree = "<group>"; };
		F80320132A7BE449008579F1 /* Trail CompanionUITests.xctest */ = {isa = PBXFileReference; explicitFileType = wrapper.cfbundle; includeInIndex = 0; path = "Trail CompanionUITests.xctest"; sourceTree = BUILT_PRODUCTS_DIR; };
		F80320172A7BE449008579F1 /* Trail_CompanionUITests.swift */ = {isa = PBXFileReference; lastKnownFileType = sourcecode.swift; path = Trail_CompanionUITests.swift; sourceTree = "<group>"; };
		F80320192A7BE449008579F1 /* Trail_CompanionUITestsLaunchTests.swift */ = {isa = PBXFileReference; lastKnownFileType = sourcecode.swift; path = Trail_CompanionUITestsLaunchTests.swift; sourceTree = "<group>"; };
/* End PBXFileReference section */

/* Begin PBXFrameworksBuildPhase section */
		F8031FF52A7BE448008579F1 /* Frameworks */ = {
			isa = PBXFrameworksBuildPhase;
			buildActionMask = 2147483647;
			files = (
			);
			runOnlyForDeploymentPostprocessing = 0;
		};
		F80320062A7BE449008579F1 /* Frameworks */ = {
			isa = PBXFrameworksBuildPhase;
			buildActionMask = 2147483647;
			files = (
			);
			runOnlyForDeploymentPostprocessing = 0;
		};
		F80320102A7BE449008579F1 /* Frameworks */ = {
			isa = PBXFrameworksBuildPhase;
			buildActionMask = 2147483647;
			files = (
			);
			runOnlyForDeploymentPostprocessing = 0;
		};
/* End PBXFrameworksBuildPhase section */

/* Begin PBXGroup section */
		F8031FEF2A7BE448008579F1 = {
			isa = PBXGroup;
			children = (
				F8031FFA2A7BE448008579F1 /* Trail Companion */,
				F803200C2A7BE449008579F1 /* Trail CompanionTests */,
				F80320162A7BE449008579F1 /* Trail CompanionUITests */,
				F8031FF92A7BE448008579F1 /* Products */,
			);
			sourceTree = "<group>";
		};
		F8031FF92A7BE448008579F1 /* Products */ = {
			isa = PBXGroup;
			children = (
				F8031FF82A7BE448008579F1 /* Trail Companion.app */,
				F80320092A7BE449008579F1 /* Trail CompanionTests.xctest */,
				F80320132A7BE449008579F1 /* Trail CompanionUITests.xctest */,
			);
			name = Products;
			sourceTree = "<group>";
		};
		F8031FFA2A7BE448008579F1 /* Trail Companion */ = {
			isa = PBXGroup;
			children = (
				F8031FFB2A7BE448008579F1 /* Trail_CompanionApp.swift */,
				F8031FFD2A7BE448008579F1 /* ContentView.swift */,
				F8031FFF2A7BE449008579F1 /* Assets.xcassets */,
				F80320012A7BE449008579F1 /* Trail_Companion.entitlements */,
				F80320022A7BE449008579F1 /* Preview Content */,
			);
			path = "Trail Companion";
			sourceTree = "<group>";
		};
		F80320022A7BE449008579F1 /* Preview Content */ = {
			isa = PBXGroup;
			children = (
				F80320032A7BE449008579F1 /* Preview Assets.xcassets */,
			);
			path = "Preview Content";
			sourceTree = "<group>";
		};
		F803200C2A7BE449008579F1 /* Trail CompanionTests */ = {
			isa = PBXGroup;
			children = (
				F803200D2A7BE449008579F1 /* Trail_CompanionTests.swift */,
			);
			path = "Trail CompanionTests";
			sourceTree = "<group>";
		};
		F80320162A7BE449008579F1 /* Trail CompanionUITests */ = {
			isa = PBXGroup;
			children = (
				F80320172A7BE449008579F1 /* Trail_CompanionUITests.swift */,
				F80320192A7BE449008579F1 /* Trail_CompanionUITestsLaunchTests.swift */,
			);
			path = "Trail CompanionUITests";
			sourceTree = "<group>";
		};
/* End PBXGroup section */

/* Begin PBXNativeTarget section */
		F8031FF72A7BE448008579F1 /* Trail Companion */ = {
			isa = PBXNativeTarget;
			buildConfigurationList = F803201D2A7BE449008579F1 /* Build configuration list for PBXNativeTarget "Trail Companion" */;
			buildPhases = (
				F8031FF42A7BE448008579F1 /* Sources */,
				F8031FF52A7BE448008579F1 /* Frameworks */,
				F8031FF62A7BE448008579F1 /* Resources */,
			);
			buildRules = (
			);
			dependencies = (
			);
			name = "Trail Companion";
			productName = "Trail Companion";
			productReference = F8031FF82A7BE448008579F1 /* Trail Companion.app */;
			productType = "com.apple.product-type.application";
		};
		F80320082A7BE449008579F1 /* Trail CompanionTests */ = {
			isa = PBXNativeTarget;
			buildConfigurationList = F80320202A7BE449008579F1 /* Build configuration list for PBXNativeTarget "Trail CompanionTests" */;
			buildPhases = (
				F80320052A7BE449008579F1 /* Sources */,
				F80320062A7BE449008579F1 /* Frameworks */,
				F80320072A7BE449008579F1 /* Resources */,
			);
			buildRules = (
			);
			dependencies = (
				F803200B2A7BE449008579F1 /* PBXTargetDependency */,
			);
			name = "Trail CompanionTests";
			productName = "Trail CompanionTests";
			productReference = F80320092A7BE449008579F1 /* Trail CompanionTests.xctest */;
			productType = "com.apple.product-type.bundle.unit-test";
		};
		F80320122A7BE449008579F1 /* Trail CompanionUITests */ = {
			isa = PBXNativeTarget;
			buildConfigurationList = F80320232A7BE449008579F1 /* Build configuration list for PBXNativeTarget "Trail CompanionUITests" */;
			buildPhases = (
				F803200F2A7BE449008579F1 /* Sources */,
				F80320102A7BE449008579F1 /* Frameworks */,
				F80320112A7BE449008579F1 /* Resources */,
			);
			buildRules = (
			);
			dependencies = (
				F80320152A7BE449008579F1 /* PBXTargetDependency */,
			);
			name = "Trail CompanionUITests";
			productName = "Trail CompanionUITests";
			productReference = F80320132A7BE449008579F1 /* Trail CompanionUITests.xctest */;
			productType = "com.apple.product-type.bundle.ui-testing";
		};
/* End PBXNativeTarget section */

/* Begin PBXProject section */
		F8031FF02A7BE448008579F1 /* Project object */ = {
			isa = PBXProject;
			attributes = {
				BuildIndependentTargetsInParallel = 1;
				LastSwiftUpdateCheck = 1500;
				LastUpgradeCheck = 1500;
				TargetAttributes = {
					F8031FF72A7BE448008579F1 = {
						CreatedOnToolsVersion = 15.0;
					};
					F80320082A7BE449008579F1 = {
						CreatedOnToolsVersion = 15.0;
						TestTargetID = F8031FF72A7BE448008579F1;
					};
					F80320122A7BE449008579F1 = {
						CreatedOnToolsVersion = 15.0;
						TestTargetID = F8031FF72A7BE448008579F1;
					};
				};
			};
			buildConfigurationList = F8031FF32A7BE448008579F1 /* Build configuration list for PBXProject "Trail Companion" */;
			compatibilityVersion = "Xcode 14.0";
			developmentRegion = en;
			hasScannedForEncodings = 0;
			knownRegions = (
				en,
				Base,
			);
			mainGroup = F8031FEF2A7BE448008579F1;
			productRefGroup = F8031FF92A7BE448008579F1 /* Products */;
			projectDirPath = "";
			projectRoot = "";
			targets = (
				F8031FF72A7BE448008579F1 /* Trail Companion */,
				F80320082A7BE449008579F1 /* Trail CompanionTests */,
				F80320122A7BE449008579F1 /* Trail CompanionUITests */,
			);
		};
/* End PBXProject section */

/* Begin PBXResourcesBuildPhase section */
		F8031FF62A7BE448008579F1 /* Resources */ = {
			isa = PBXResourcesBuildPhase;
			buildActionMask = 2147483647;
			files = (
				F80320042A7BE449008579F1 /* Preview Assets.xcassets in Resources */,
				F80320002A7BE449008579F1 /* Assets.xcassets in Resources */,
			);
			runOnlyForDeploymentPostprocessing = 0;
		};
		F80320072A7BE449008579F1 /* Resources */ = {
			isa = PBXResourcesBuildPhase;
			buildActionMask = 2147483647;
			files = (
			);
			runOnlyForDeploymentPostprocessing = 0;
		};
		F80320112A7BE449008579F1 /* Resources */ = {
			isa = PBXResourcesBuildPhase;
			buildActionMask = 2147483647;
			files = (
			);
			runOnlyForDeploymentPostprocessing = 0;
		};
/* End PBXResourcesBuildPhase section */

/* Begin PBXSourcesBuildPhase section */
		F8031FF42A7BE448008579F1 /* Sources */ = {
			isa = PBXSourcesBuildPhase;
			buildActionMask = 2147483647;
			files = (
				F8031FFE2A7BE448008579F1 /* ContentView.swift in Sources */,
				F8031FFC2A7BE448008579F1 /* Trail_CompanionApp.swift in Sources */,
			);
			runOnlyForDeploymentPostprocessing = 0;
		};
		F80320052A7BE449008579F1 /* Sources */ = {
			isa = PBXSourcesBuildPhase;
			buildActionMask = 2147483647;
			files = (
				F803200E2A7BE449008579F1 /* Trail_CompanionTests.swift in Sources */,
			);
			runOnlyForDeploymentPostprocessing = 0;
		};
		F803200F2A7BE449008579F1 /* Sources */ = {
			isa = PBXSourcesBuildPhase;
			buildActionMask = 2147483647;
			files = (
				F803201A2A7BE449008579F1 /* Trail_CompanionUITestsLaunchTests.swift in Sources */,
				F80320182A7BE449008579F1 /* Trail_CompanionUITests.swift in Sources */,
			);
			runOnlyForDeploymentPostprocessing = 0;
		};
/* End PBXSourcesBuildPhase section */

/* Begin PBXTargetDependency section */
		F803200B2A7BE449008579F1 /* PBXTargetDependency */ = {
			isa = PBXTargetDependency;
			target = F8031FF72A7BE448008579F1 /* Trail Companion */;
			targetProxy = F803200A2A7BE449008579F1 /* PBXContainerItemProxy */;
		};
		F80320152A7BE449008579F1 /* PBXTargetDependency */ = {
			isa = PBXTargetDependency;
			target = F8031FF72A7BE448008579F1 /* Trail Companion */;
			targetProxy = F80320142A7BE449008579F1 /* PBXContainerItemProxy */;
		};
/* End PBXTargetDependency section */

/* Begin XCBuildConfiguration section */
		F803201B2A7BE449008579F1 /* Debug */ = {
			isa = XCBuildConfiguration;
			buildSettings = {
				ALWAYS_SEARCH_USER_PATHS = NO;
				ASSETCATALOG_COMPILER_GENERATE_SWIFT_ASSET_SYMBOL_EXTENSIONS = YES;
				CLANG_ANALYZER_NONNULL = YES;
				CLANG_ANALYZER_NUMBER_OBJECT_CONVERSION = YES_AGGRESSIVE;
				CLANG_CXX_LANGUAGE_STANDARD = "gnu++20";
				CLANG_ENABLE_MODULES = YES;
				CLANG_ENABLE_OBJC_ARC = YES;
				CLANG_ENABLE_OBJC_WEAK = YES;
				CLANG_WARN_BLOCK_CAPTURE_AUTORELEASING = YES;
				CLANG_WARN_BOOL_CONVERSION = YES;
				CLANG_WARN_COMMA = YES;
				CLANG_WARN_CONSTANT_CONVERSION = YES;
				CLANG_WARN_DEPRECATED_OBJC_IMPLEMENTATIONS = YES;
				CLANG_WARN_DIRECT_OBJC_ISA_USAGE = YES_ERROR;
				CLANG_WARN_DOCUMENTATION_COMMENTS = YES;
				CLANG_WARN_EMPTY_BODY = YES;
				CLANG_WARN_ENUM_CONVERSION = YES;
				CLANG_WARN_INFINITE_RECURSION = YES;
				CLANG_WARN_INT_CONVERSION = YES;
				CLANG_WARN_NON_LITERAL_NULL_CONVERSION = YES;
				CLANG_WARN_OBJC_IMPLICIT_RETAIN_SELF = YES;
				CLANG_WARN_OBJC_LITERAL_CONVERSION = YES;
				CLANG_WARN_OBJC_ROOT_CLASS = YES_ERROR;
				CLANG_WARN_QUOTED_INCLUDE_IN_FRAMEWORK_HEADER = YES;
				CLANG_WARN_RANGE_LOOP_ANALYSIS = YES;
				CLANG_WARN_STRICT_PROTOTYPES = YES;
				CLANG_WARN_SUSPICIOUS_MOVE = YES;
				CLANG_WARN_UNGUARDED_AVAILABILITY = YES_AGGRESSIVE;
				CLANG_WARN_UNREACHABLE_CODE = YES;
				CLANG_WARN__DUPLICATE_METHOD_MATCH = YES;
				COPY_PHASE_STRIP = NO;
				DEBUG_INFORMATION_FORMAT = dwarf;
				ENABLE_STRICT_OBJC_MSGSEND = YES;
				ENABLE_TESTABILITY = YES;
				ENABLE_USER_SCRIPT_SANDBOXING = YES;
				GCC_C_LANGUAGE_STANDARD = gnu17;
				GCC_DYNAMIC_NO_PIC = NO;
				GCC_NO_COMMON_BLOCKS = YES;
				GCC_OPTIMIZATION_LEVEL = 0;
				GCC_PREPROCESSOR_DEFINITIONS = (
					"DEBUG=1",
					"$(inherited)",
				);
				GCC_WARN_64_TO_32_BIT_CONVERSION = YES;
				GCC_WARN_ABOUT_RETURN_TYPE = YES_ERROR;
				GCC_WARN_UNDECLARED_SELECTOR = YES;
				GCC_WARN_UNINITIALIZED_AUTOS = YES_AGGRESSIVE;
				GCC_WARN_UNUSED_FUNCTION = YES;
				GCC_WARN_UNUSED_VARIABLE = YES;
				LOCALIZATION_PREFERS_STRING_CATALOGS = YES;
				MTL_ENABLE_DEBUG_INFO = INCLUDE_SOURCE;
				MTL_FAST_MATH = YES;
				ONLY_ACTIVE_ARCH = YES;
				SWIFT_ACTIVE_COMPILATION_CONDITIONS = "DEBUG $(inherited)";
				SWIFT_OPTIMIZATION_LEVEL = "-Onone";
			};
			name = Debug;
		};
		F803201C2A7BE449008579F1 /* Release */ = {
			isa = XCBuildConfiguration;
			buildSettings = {
				ALWAYS_SEARCH_USER_PATHS = NO;
				ASSETCATALOG_COMPILER_GENERATE_SWIFT_ASSET_SYMBOL_EXTENSIONS = YES;
				CLANG_ANALYZER_NONNULL = YES;
				CLANG_ANALYZER_NUMBER_OBJECT_CONVERSION = YES_AGGRESSIVE;
				CLANG_CXX_LANGUAGE_STANDARD = "gnu++20";
				CLANG_ENABLE_MODULES = YES;
				CLANG_ENABLE_OBJC_ARC = YES;
				CLANG_ENABLE_OBJC_WEAK = YES;
				CLANG_WARN_BLOCK_CAPTURE_AUTORELEASING = YES;
				CLANG_WARN_BOOL_CONVERSION = YES;
				CLANG_WARN_COMMA = YES;
				CLANG_WARN_CONSTANT_CONVERSION = YES;
				CLANG_WARN_DEPRECATED_OBJC_IMPLEMENTATIONS = YES;
				CLANG_WARN_DIRECT_OBJC_ISA_USAGE = YES_ERROR;
				CLANG_WARN_DOCUMENTATION_COMMENTS = YES;
				CLANG_WARN_EMPTY_BODY = YES;
				CLANG_WARN_ENUM_CONVERSION = YES;
				CLANG_WARN_INFINITE_RECURSION = YES;
				CLANG_WARN_INT_CONVERSION = YES;
				CLANG_WARN_NON_LITERAL_NULL_CONVERSION = YES;
				CLANG_WARN_OBJC_IMPLICIT_RETAIN_SELF = YES;
				CLANG_WARN_OBJC_LITERAL_CONVERSION = YES;
				CLANG_WARN_OBJC_ROOT_CLASS = YES_ERROR;
				CLANG_WARN_QUOTED_INCLUDE_IN_FRAMEWORK_HEADER = YES;
				CLANG_WARN_RANGE_LOOP_ANALYSIS = YES;
				CLANG_WARN_STRICT_PROTOTYPES = YES;
				CLANG_WARN_SUSPICIOUS_MOVE = YES;
				CLANG_WARN_UNGUARDED_AVAILABILITY = YES_AGGRESSIVE;
				CLANG_WARN_UNREACHABLE_CODE = YES;
				CLANG_WARN__DUPLICATE_METHOD_MATCH = YES;
				COPY_PHASE_STRIP = NO;
				DEBUG_INFORMATION_FORMAT = "dwarf-with-dsym";
				ENABLE_NS_ASSERTIONS = NO;
				ENABLE_STRICT_OBJC_MSGSEND = YES;
				ENABLE_USER_SCRIPT_SANDBOXING = YES;
				GCC_C_LANGUAGE_STANDARD = gnu17;
				GCC_NO_COMMON_BLOCKS = YES;
				GCC_WARN_64_TO_32_BIT_CONVERSION = YES;
				GCC_WARN_ABOUT_RETURN_TYPE = YES_ERROR;
				GCC_WARN_UNDECLARED_SELECTOR = YES;
				GCC_WARN_UNINITIALIZED_AUTOS = YES_AGGRESSIVE;
				GCC_WARN_UNUSED_FUNCTION = YES;
				GCC_WARN_UNUSED_VARIABLE = YES;
				LOCALIZATION_PREFERS_STRING_CATALOGS = YES;
				MTL_ENABLE_DEBUG_INFO = NO;
				MTL_FAST_MATH = YES;
				SWIFT_COMPILATION_MODE = wholemodule;
			};
			name = Release;
		};
		F803201E2A7BE449008579F1 /* Debug */ = {
			isa = XCBuildConfiguration;
			buildSettings = {
				ASSETCATALOG_COMPILER_APPICON_NAME = AppIcon;
				ASSETCATALOG_COMPILER_GLOBAL_ACCENT_COLOR_NAME = AccentColor;
				CODE_SIGN_ENTITLEMENTS = "Trail Companion/Trail_Companion.entitlements";
				CODE_SIGN_STYLE = Automatic;
				CURRENT_PROJECT_VERSION = 1;
				DEVELOPMENT_ASSET_PATHS = "\"Trail Companion/Preview Content\"";
				DEVELOPMENT_TEAM = A338GM2DZW;
				ENABLE_HARDENED_RUNTIME = YES;
				ENABLE_PREVIEWS = YES;
				GENERATE_INFOPLIST_FILE = YES;
				"INFOPLIST_KEY_UIApplicationSceneManifest_Generation[sdk=iphoneos*]" = YES;
				"INFOPLIST_KEY_UIApplicationSceneManifest_Generation[sdk=iphonesimulator*]" = YES;
				"INFOPLIST_KEY_UIApplicationSupportsIndirectInputEvents[sdk=iphoneos*]" = YES;
				"INFOPLIST_KEY_UIApplicationSupportsIndirectInputEvents[sdk=iphonesimulator*]" = YES;
				"INFOPLIST_KEY_UILaunchScreen_Generation[sdk=iphoneos*]" = YES;
				"INFOPLIST_KEY_UILaunchScreen_Generation[sdk=iphonesimulator*]" = YES;
				"INFOPLIST_KEY_UIStatusBarStyle[sdk=iphoneos*]" = UIStatusBarStyleDefault;
				"INFOPLIST_KEY_UIStatusBarStyle[sdk=iphonesimulator*]" = UIStatusBarStyleDefault;
				INFOPLIST_KEY_UISupportedInterfaceOrientations_iPad = "UIInterfaceOrientationPortrait UIInterfaceOrientationPortraitUpsideDown UIInterfaceOrientationLandscapeLeft UIInterfaceOrientationLandscapeRight";
				INFOPLIST_KEY_UISupportedInterfaceOrientations_iPhone = "UIInterfaceOrientationPortrait UIInterfaceOrientationLandscapeLeft UIInterfaceOrientationLandscapeRight";
				IPHONEOS_DEPLOYMENT_TARGET = 17.0;
				LD_RUNPATH_SEARCH_PATHS = "@executable_path/Frameworks";
				"LD_RUNPATH_SEARCH_PATHS[sdk=macosx*]" = "@executable_path/../Frameworks";
				MACOSX_DEPLOYMENT_TARGET = 14.0;
				MARKETING_VERSION = 1.0;
				PRODUCT_BUNDLE_IDENTIFIER = "ei.thomas.mary.Trail-Companion";
				PRODUCT_NAME = "$(TARGET_NAME)";
				SDKROOT = auto;
				SUPPORTED_PLATFORMS = "iphoneos iphonesimulator macosx";
				SWIFT_EMIT_LOC_STRINGS = YES;
				SWIFT_VERSION = 5.0;
				TARGETED_DEVICE_FAMILY = "1,2";
			};
			name = Debug;
		};
		F803201F2A7BE449008579F1 /* Release */ = {
			isa = XCBuildConfiguration;
			buildSettings = {
				ASSETCATALOG_COMPILER_APPICON_NAME = AppIcon;
				ASSETCATALOG_COMPILER_GLOBAL_ACCENT_COLOR_NAME = AccentColor;
				CODE_SIGN_ENTITLEMENTS = "Trail Companion/Trail_Companion.entitlements";
				CODE_SIGN_STYLE = Automatic;
				CURRENT_PROJECT_VERSION = 1;
				DEVELOPMENT_ASSET_PATHS = "\"Trail Companion/Preview Content\"";
				DEVELOPMENT_TEAM = A338GM2DZW;
				ENABLE_HARDENED_RUNTIME = YES;
				ENABLE_PREVIEWS = YES;
				GENERATE_INFOPLIST_FILE = YES;
				"INFOPLIST_KEY_UIApplicationSceneManifest_Generation[sdk=iphoneos*]" = YES;
				"INFOPLIST_KEY_UIApplicationSceneManifest_Generation[sdk=iphonesimulator*]" = YES;
				"INFOPLIST_KEY_UIApplicationSupportsIndirectInputEvents[sdk=iphoneos*]" = YES;
				"INFOPLIST_KEY_UIApplicationSupportsIndirectInputEvents[sdk=iphonesimulator*]" = YES;
				"INFOPLIST_KEY_UILaunchScreen_Generation[sdk=iphoneos*]" = YES;
				"INFOPLIST_KEY_UILaunchScreen_Generation[sdk=iphonesimulator*]" = YES;
				"INFOPLIST_KEY_UIStatusBarStyle[sdk=iphoneos*]" = UIStatusBarStyleDefault;
				"INFOPLIST_KEY_UIStatusBarStyle[sdk=iphonesimulator*]" = UIStatusBarStyleDefault;
				INFOPLIST_KEY_UISupportedInterfaceOrientations_iPad = "UIInterfaceOrientationPortrait UIInterfaceOrientationPortraitUpsideDown UIInterfaceOrientationLandscapeLeft UIInterfaceOrientationLandscapeRight";
				INFOPLIST_KEY_UISupportedInterfaceOrientations_iPhone = "UIInterfaceOrientationPortrait UIInterfaceOrientationLandscapeLeft UIInterfaceOrientationLandscapeRight";
				IPHONEOS_DEPLOYMENT_TARGET = 17.0;
				LD_RUNPATH_SEARCH_PATHS = "@executable_path/Frameworks";
				"LD_RUNPATH_SEARCH_PATHS[sdk=macosx*]" = "@executable_path/../Frameworks";
				MACOSX_DEPLOYMENT_TARGET = 14.0;
				MARKETING_VERSION = 1.0;
				PRODUCT_BUNDLE_IDENTIFIER = "ei.thomas.mary.Trail-Companion";
				PRODUCT_NAME = "$(TARGET_NAME)";
				SDKROOT = auto;
				SUPPORTED_PLATFORMS = "iphoneos iphonesimulator macosx";
				SWIFT_EMIT_LOC_STRINGS = YES;
				SWIFT_VERSION = 5.0;
				TARGETED_DEVICE_FAMILY = "1,2";
			};
			name = Release;
		};
		F80320212A7BE449008579F1 /* Debug */ = {
			isa = XCBuildConfiguration;
			buildSettings = {
				ALWAYS_EMBED_SWIFT_STANDARD_LIBRARIES = YES;
				BUNDLE_LOADER = "$(TEST_HOST)";
				CODE_SIGN_STYLE = Automatic;
				CURRENT_PROJECT_VERSION = 1;
				DEVELOPMENT_TEAM = A338GM2DZW;
				GENERATE_INFOPLIST_FILE = YES;
				IPHONEOS_DEPLOYMENT_TARGET = 17.0;
				MACOSX_DEPLOYMENT_TARGET = 14.0;
				MARKETING_VERSION = 1.0;
				PRODUCT_BUNDLE_IDENTIFIER = "ei.thomas.mary.Trail-CompanionTests";
				PRODUCT_NAME = "$(TARGET_NAME)";
				SDKROOT = auto;
				SUPPORTED_PLATFORMS = "iphoneos iphonesimulator macosx";
				SWIFT_EMIT_LOC_STRINGS = NO;
				SWIFT_VERSION = 5.0;
				TARGETED_DEVICE_FAMILY = "1,2";
				TEST_HOST = "$(BUILT_PRODUCTS_DIR)/Trail Companion.app/$(BUNDLE_EXECUTABLE_FOLDER_PATH)/Trail Companion";
			};
			name = Debug;
		};
		F80320222A7BE449008579F1 /* Release */ = {
			isa = XCBuildConfiguration;
			buildSettings = {
				ALWAYS_EMBED_SWIFT_STANDARD_LIBRARIES = YES;
				BUNDLE_LOADER = "$(TEST_HOST)";
				CODE_SIGN_STYLE = Automatic;
				CURRENT_PROJECT_VERSION = 1;
				DEVELOPMENT_TEAM = A338GM2DZW;
				GENERATE_INFOPLIST_FILE = YES;
				IPHONEOS_DEPLOYMENT_TARGET = 17.0;
				MACOSX_DEPLOYMENT_TARGET = 14.0;
				MARKETING_VERSION = 1.0;
				PRODUCT_BUNDLE_IDENTIFIER = "ei.thomas.mary.Trail-CompanionTests";
				PRODUCT_NAME = "$(TARGET_NAME)";
				SDKROOT = auto;
				SUPPORTED_PLATFORMS = "iphoneos iphonesimulator macosx";
				SWIFT_EMIT_LOC_STRINGS = NO;
				SWIFT_VERSION = 5.0;
				TARGETED_DEVICE_FAMILY = "1,2";
				TEST_HOST = "$(BUILT_PRODUCTS_DIR)/Trail Companion.app/$(BUNDLE_EXECUTABLE_FOLDER_PATH)/Trail Companion";
			};
			name = Release;
		};
		F80320242A7BE449008579F1 /* Debug */ = {
			isa = XCBuildConfiguration;
			buildSettings = {
				ALWAYS_EMBED_SWIFT_STANDARD_LIBRARIES = YES;
				CODE_SIGN_STYLE = Automatic;
				CURRENT_PROJECT_VERSION = 1;
				DEVELOPMENT_TEAM = A338GM2DZW;
				GENERATE_INFOPLIST_FILE = YES;
				IPHONEOS_DEPLOYMENT_TARGET = 17.0;
				MACOSX_DEPLOYMENT_TARGET = 14.0;
				MARKETING_VERSION = 1.0;
				PRODUCT_BUNDLE_IDENTIFIER = "ei.thomas.mary.Trail-CompanionUITests";
				PRODUCT_NAME = "$(TARGET_NAME)";
				SDKROOT = auto;
				SUPPORTED_PLATFORMS = "iphoneos iphonesimulator macosx";
				SWIFT_EMIT_LOC_STRINGS = NO;
				SWIFT_VERSION = 5.0;
				TARGETED_DEVICE_FAMILY = "1,2";
				TEST_TARGET_NAME = "Trail Companion";
			};
			name = Debug;
		};
		F80320252A7BE449008579F1 /* Release */ = {
			isa = XCBuildConfiguration;
			buildSettings = {
				ALWAYS_EMBED_SWIFT_STANDARD_LIBRARIES = YES;
				CODE_SIGN_STYLE = Automatic;
				CURRENT_PROJECT_VERSION = 1;
				DEVELOPMENT_TEAM = A338GM2DZW;
				GENERATE_INFOPLIST_FILE = YES;
				IPHONEOS_DEPLOYMENT_TARGET = 17.0;
				MACOSX_DEPLOYMENT_TARGET = 14.0;
				MARKETING_VERSION = 1.0;
				PRODUCT_BUNDLE_IDENTIFIER = "ei.thomas.mary.Trail-CompanionUITests";
				PRODUCT_NAME = "$(TARGET_NAME)";
				SDKROOT = auto;
				SUPPORTED_PLATFORMS = "iphoneos iphonesimulator macosx";
				SWIFT_EMIT_LOC_STRINGS = NO;
				SWIFT_VERSION = 5.0;
				TARGETED_DEVICE_FAMILY = "1,2";
				TEST_TARGET_NAME = "Trail Companion";
			};
			name = Release;
		};
/* End XCBuildConfiguration section */

/* Begin XCConfigurationList section */
		F8031FF32A7BE448008579F1 /* Build configuration list for PBXProject "Trail Companion" */ = {
			isa = XCConfigurationList;
			buildConfigurations = (
				F803201B2A7BE449008579F1 /* Debug */,
				F803201C2A7BE449008579F1 /* Release */,
			);
			defaultConfigurationIsVisible = 0;
			defaultConfigurationName = Release;
		};
		F803201D2A7BE449008579F1 /* Build configuration list for PBXNativeTarget "Trail Companion" */ = {
			isa = XCConfigurationList;
			buildConfigurations = (
				F803201E2A7BE449008579F1 /* Debug */,
				F803201F2A7BE449008579F1 /* Release */,
			);
			defaultConfigurationIsVisible = 0;
			defaultConfigurationName = Release;
		};
		F80320202A7BE449008579F1 /* Build configuration list for PBXNativeTarget "Trail CompanionTests" */ = {
			isa = XCConfigurationList;
			buildConfigurations = (
				F80320212A7BE449008579F1 /* Debug */,
				F80320222A7BE449008579F1 /* Release */,
			);
			defaultConfigurationIsVisible = 0;
			defaultConfigurationName = Release;
		};
		F80320232A7BE449008579F1 /* Build configuration list for PBXNativeTarget "Trail CompanionUITests" */ = {
			isa = XCConfigurationList;
			buildConfigurations = (
				F80320242A7BE449008579F1 /* Debug */,
				F80320252A7BE449008579F1 /* Release */,
			);
			defaultConfigurationIsVisible = 0;
			defaultConfigurationName = Release;
		};
/* End XCConfigurationList section */
	};
	rootObject = F8031FF02A7BE448008579F1 /* Project object */;
}
