// !$*UTF8*$!
{
	archiveVersion = 1;
	classes = {
	};
	objectVersion = 56;
	objects = {

/* Begin PBXBuildFile section */
		F8031FFC2A7BE448008579F1 /* Trail_CompanionApp.swift in Sources */ = {isa = PBXBuildFile; fileRef = F8031FFB2A7BE448008579F1 /* Trail_CompanionApp.swift */; };
		F80320002A7BE449008579F1 /* Assets.xcassets in Resources */ = {isa = PBXBuildFile; fileRef = F8031FFF2A7BE449008579F1 /* Assets.xcassets */; };
		F80320042A7BE449008579F1 /* Preview Assets.xcassets in Resources */ = {isa = PBXBuildFile; fileRef = F80320032A7BE449008579F1 /* Preview Assets.xcassets */; };
		F803200E2A7BE449008579F1 /* Trail_CompanionTests.swift in Sources */ = {isa = PBXBuildFile; fileRef = F803200D2A7BE449008579F1 /* Trail_CompanionTests.swift */; };
		F80320182A7BE449008579F1 /* Trail_CompanionUITests.swift in Sources */ = {isa = PBXBuildFile; fileRef = F80320172A7BE449008579F1 /* Trail_CompanionUITests.swift */; };
		F803201A2A7BE449008579F1 /* Trail_CompanionUITestsLaunchTests.swift in Sources */ = {isa = PBXBuildFile; fileRef = F80320192A7BE449008579F1 /* Trail_CompanionUITestsLaunchTests.swift */; };
		F80320402A7CD837008579F1 /* GPXModel.swift in Sources */ = {isa = PBXBuildFile; fileRef = F803203F2A7CD837008579F1 /* GPXModel.swift */; };
		F80320422A7CD96D008579F1 /* ModelData.swift in Sources */ = {isa = PBXBuildFile; fileRef = F80320412A7CD96D008579F1 /* ModelData.swift */; };
		F80320472A838366008579F1 /* XMLParsing in Frameworks */ = {isa = PBXBuildFile; productRef = F80320462A838366008579F1 /* XMLParsing */; };
		F80320492A83BF4D008579F1 /* GPXViewModel.swift in Sources */ = {isa = PBXBuildFile; fileRef = F80320482A83BF4D008579F1 /* GPXViewModel.swift */; };
		F81BD5902AAF52620078A518 /* GRR.gpx in Resources */ = {isa = PBXBuildFile; fileRef = F81BD58F2AAF52620078A518 /* GRR.gpx */; };
		F823C7FD2ABAD76F00640DD8 /* Documentation.docc in Sources */ = {isa = PBXBuildFile; fileRef = F823C7FC2ABAD76F00640DD8 /* Documentation.docc */; };
		F823C8022ABED9D600640DD8 /* SectionRow.swift in Sources */ = {isa = PBXBuildFile; fileRef = F823C8012ABED9D600640DD8 /* SectionRow.swift */; };
		F82E8BCD2AA71A6A00376375 /* ProfileView.swift in Sources */ = {isa = PBXBuildFile; fileRef = F82E8BCC2AA71A6A00376375 /* ProfileView.swift */; };
		F85B471C2A94925400533F08 /* SectionsCard.swift in Sources */ = {isa = PBXBuildFile; fileRef = F85B471B2A94925400533F08 /* SectionsCard.swift */; };
		F863832A2A8DFEFF00E00A42 /* PageViewController.swift in Sources */ = {isa = PBXBuildFile; fileRef = F86383292A8DFEFF00E00A42 /* PageViewController.swift */; };
		F863832C2A8E162400E00A42 /* ProfileCard.swift in Sources */ = {isa = PBXBuildFile; fileRef = F863832B2A8E162400E00A42 /* ProfileCard.swift */; };
		F863832E2A8E164500E00A42 /* PageView.swift in Sources */ = {isa = PBXBuildFile; fileRef = F863832D2A8E164500E00A42 /* PageView.swift */; };
		F86383322A8F97CC00E00A42 /* MapCard.swift in Sources */ = {isa = PBXBuildFile; fileRef = F86383312A8F97CC00E00A42 /* MapCard.swift */; };
		F87418FE2A8A74ED00EAFDBE /* TraceRow.swift in Sources */ = {isa = PBXBuildFile; fileRef = F87418FD2A8A74ED00EAFDBE /* TraceRow.swift */; };
		F87419002A8A84A400EAFDBE /* TraceList.swift in Sources */ = {isa = PBXBuildFile; fileRef = F87418FF2A8A84A400EAFDBE /* TraceList.swift */; };
		F87419022A8A881200EAFDBE /* TraceDetail.swift in Sources */ = {isa = PBXBuildFile; fileRef = F87419012A8A881200EAFDBE /* TraceDetail.swift */; };
		F87419082A8B874100EAFDBE /* .swiftlint.yml in Resources */ = {isa = PBXBuildFile; fileRef = F87419072A8B874100EAFDBE /* .swiftlint.yml */; };
		F8B7D7362A866DD3002E135C /* Localizable.xcstrings in Resources */ = {isa = PBXBuildFile; fileRef = F8B7D7352A866DD3002E135C /* Localizable.xcstrings */; };
		F8B7D7392A88C47A002E135C /* GRP120_T1.gpx in Resources */ = {isa = PBXBuildFile; fileRef = F8B7D7382A88C47A002E135C /* GRP120_T1.gpx */; };
/* End PBXBuildFile section */

/* Begin PBXContainerItemProxy section */
		F803200A2A7BE449008579F1 /* PBXContainerItemProxy */ = {
			isa = PBXContainerItemProxy;
			containerPortal = F8031FF02A7BE448008579F1 /* Project object */;
			proxyType = 1;
			remoteGlobalIDString = F8031FF72A7BE448008579F1;
			remoteInfo = "Trail Companion";
		};
		F80320142A7BE449008579F1 /* PBXContainerItemProxy */ = {
			isa = PBXContainerItemProxy;
			containerPortal = F8031FF02A7BE448008579F1 /* Project object */;
			proxyType = 1;
			remoteGlobalIDString = F8031FF72A7BE448008579F1;
			remoteInfo = "Trail Companion";
		};
/* End PBXContainerItemProxy section */

/* Begin PBXFileReference section */
		F8031FF82A7BE448008579F1 /* Trail Companion.app */ = {isa = PBXFileReference; explicitFileType = wrapper.application; includeInIndex = 0; path = "Trail Companion.app"; sourceTree = BUILT_PRODUCTS_DIR; };
		F8031FFB2A7BE448008579F1 /* Trail_CompanionApp.swift */ = {isa = PBXFileReference; lastKnownFileType = sourcecode.swift; path = Trail_CompanionApp.swift; sourceTree = "<group>"; };
		F8031FFF2A7BE449008579F1 /* Assets.xcassets */ = {isa = PBXFileReference; lastKnownFileType = folder.assetcatalog; path = Assets.xcassets; sourceTree = "<group>"; };
		F80320012A7BE449008579F1 /* Trail_Companion.entitlements */ = {isa = PBXFileReference; lastKnownFileType = text.plist.entitlements; path = Trail_Companion.entitlements; sourceTree = "<group>"; };
		F80320032A7BE449008579F1 /* Preview Assets.xcassets */ = {isa = PBXFileReference; lastKnownFileType = folder.assetcatalog; path = "Preview Assets.xcassets"; sourceTree = "<group>"; };
		F80320092A7BE449008579F1 /* Trail CompanionTests.xctest */ = {isa = PBXFileReference; explicitFileType = wrapper.cfbundle; includeInIndex = 0; path = "Trail CompanionTests.xctest"; sourceTree = BUILT_PRODUCTS_DIR; };
		F803200D2A7BE449008579F1 /* Trail_CompanionTests.swift */ = {isa = PBXFileReference; lastKnownFileType = sourcecode.swift; path = Trail_CompanionTests.swift; sourceTree = "<group>"; };
		F80320132A7BE449008579F1 /* Trail CompanionUITests.xctest */ = {isa = PBXFileReference; explicitFileType = wrapper.cfbundle; includeInIndex = 0; path = "Trail CompanionUITests.xctest"; sourceTree = BUILT_PRODUCTS_DIR; };
		F80320172A7BE449008579F1 /* Trail_CompanionUITests.swift */ = {isa = PBXFileReference; lastKnownFileType = sourcecode.swift; path = Trail_CompanionUITests.swift; sourceTree = "<group>"; };
		F80320192A7BE449008579F1 /* Trail_CompanionUITestsLaunchTests.swift */ = {isa = PBXFileReference; lastKnownFileType = sourcecode.swift; path = Trail_CompanionUITestsLaunchTests.swift; sourceTree = "<group>"; };
		F803203F2A7CD837008579F1 /* GPXModel.swift */ = {isa = PBXFileReference; lastKnownFileType = sourcecode.swift; path = GPXModel.swift; sourceTree = "<group>"; };
		F80320412A7CD96D008579F1 /* ModelData.swift */ = {isa = PBXFileReference; lastKnownFileType = sourcecode.swift; path = ModelData.swift; sourceTree = "<group>"; };
		F80320482A83BF4D008579F1 /* GPXViewModel.swift */ = {isa = PBXFileReference; lastKnownFileType = sourcecode.swift; path = GPXViewModel.swift; sourceTree = "<group>"; };
		F81BD58F2AAF52620078A518 /* GRR.gpx */ = {isa = PBXFileReference; fileEncoding = 4; lastKnownFileType = text.xml; path = GRR.gpx; sourceTree = "<group>"; };
		F823C7FC2ABAD76F00640DD8 /* Documentation.docc */ = {isa = PBXFileReference; lastKnownFileType = folder.documentationcatalog; path = Documentation.docc; sourceTree = "<group>"; };
		F823C8012ABED9D600640DD8 /* SectionRow.swift */ = {isa = PBXFileReference; lastKnownFileType = sourcecode.swift; path = SectionRow.swift; sourceTree = "<group>"; };
		F82E8BCC2AA71A6A00376375 /* ProfileView.swift */ = {isa = PBXFileReference; lastKnownFileType = sourcecode.swift; path = ProfileView.swift; sourceTree = "<group>"; };
		F85B471B2A94925400533F08 /* SectionsCard.swift */ = {isa = PBXFileReference; lastKnownFileType = sourcecode.swift; path = SectionsCard.swift; sourceTree = "<group>"; };
		F86383292A8DFEFF00E00A42 /* PageViewController.swift */ = {isa = PBXFileReference; lastKnownFileType = sourcecode.swift; path = PageViewController.swift; sourceTree = "<group>"; };
		F863832B2A8E162400E00A42 /* ProfileCard.swift */ = {isa = PBXFileReference; lastKnownFileType = sourcecode.swift; path = ProfileCard.swift; sourceTree = "<group>"; };
		F863832D2A8E164500E00A42 /* PageView.swift */ = {isa = PBXFileReference; lastKnownFileType = sourcecode.swift; path = PageView.swift; sourceTree = "<group>"; };
		F86383312A8F97CC00E00A42 /* MapCard.swift */ = {isa = PBXFileReference; lastKnownFileType = sourcecode.swift; path = MapCard.swift; sourceTree = "<group>"; };
		F874188C2A8A2F0300EAFDBE /* Trail-Companion-Info.plist */ = {isa = PBXFileReference; lastKnownFileType = text.plist; path = "Trail-Companion-Info.plist"; sourceTree = SOURCE_ROOT; };
		F87418FD2A8A74ED00EAFDBE /* TraceRow.swift */ = {isa = PBXFileReference; lastKnownFileType = sourcecode.swift; path = TraceRow.swift; sourceTree = "<group>"; };
		F87418FF2A8A84A400EAFDBE /* TraceList.swift */ = {isa = PBXFileReference; lastKnownFileType = sourcecode.swift; path = TraceList.swift; sourceTree = "<group>"; };
		F87419012A8A881200EAFDBE /* TraceDetail.swift */ = {isa = PBXFileReference; lastKnownFileType = sourcecode.swift; path = TraceDetail.swift; sourceTree = "<group>"; };
		F87419072A8B874100EAFDBE /* .swiftlint.yml */ = {isa = PBXFileReference; fileEncoding = 4; lastKnownFileType = text.yaml; path = .swiftlint.yml; sourceTree = "<group>"; };
		F8B7D7352A866DD3002E135C /* Localizable.xcstrings */ = {isa = PBXFileReference; lastKnownFileType = text.json.xcstrings; name = Localizable.xcstrings; path = localizable/Localizable.xcstrings; sourceTree = "<group>"; };
		F8B7D7382A88C47A002E135C /* GRP120_T1.gpx */ = {isa = PBXFileReference; fileEncoding = 4; lastKnownFileType = text.xml; path = GRP120_T1.gpx; sourceTree = "<group>"; };
/* End PBXFileReference section */

/* Begin PBXFrameworksBuildPhase section */
		F8031FF52A7BE448008579F1 /* Frameworks */ = {
			isa = PBXFrameworksBuildPhase;
			buildActionMask = 2147483647;
			files = (
				F80320472A838366008579F1 /* XMLParsing in Frameworks */,
			);
			runOnlyForDeploymentPostprocessing = 0;
		};
		F80320062A7BE449008579F1 /* Frameworks */ = {
			isa = PBXFrameworksBuildPhase;
			buildActionMask = 2147483647;
			files = (
			);
			runOnlyForDeploymentPostprocessing = 0;
		};
		F80320102A7BE449008579F1 /* Frameworks */ = {
			isa = PBXFrameworksBuildPhase;
			buildActionMask = 2147483647;
			files = (
			);
			runOnlyForDeploymentPostprocessing = 0;
		};
/* End PBXFrameworksBuildPhase section */

/* Begin PBXGroup section */
		F8031FEF2A7BE448008579F1 = {
			isa = PBXGroup;
			children = (
				F87419072A8B874100EAFDBE /* .swiftlint.yml */,
				F8031FFA2A7BE448008579F1 /* Trail Companion */,
				F803200C2A7BE449008579F1 /* Trail CompanionTests */,
				F80320162A7BE449008579F1 /* Trail CompanionUITests */,
				F8031FF92A7BE448008579F1 /* Products */,
			);
			sourceTree = "<group>";
		};
		F8031FF92A7BE448008579F1 /* Products */ = {
			isa = PBXGroup;
			children = (
				F8031FF82A7BE448008579F1 /* Trail Companion.app */,
				F80320092A7BE449008579F1 /* Trail CompanionTests.xctest */,
				F80320132A7BE449008579F1 /* Trail CompanionUITests.xctest */,
			);
			name = Products;
			sourceTree = "<group>";
		};
		F8031FFA2A7BE448008579F1 /* Trail Companion */ = {
			isa = PBXGroup;
			children = (
				F874188C2A8A2F0300EAFDBE /* Trail-Companion-Info.plist */,
				F823C7FC2ABAD76F00640DD8 /* Documentation.docc */,
				F8B7D7372A88B889002E135C /* View */,
				F803203E2A7CD82A008579F1 /* Model */,
				F80320392A7BE7A6008579F1 /* Data */,
				F8031FFB2A7BE448008579F1 /* Trail_CompanionApp.swift */,
				F8031FFF2A7BE449008579F1 /* Assets.xcassets */,
				F80320012A7BE449008579F1 /* Trail_Companion.entitlements */,
				F80320022A7BE449008579F1 /* Preview Content */,
				F8B7D7352A866DD3002E135C /* Localizable.xcstrings */,
			);
			path = "Trail Companion";
			sourceTree = "<group>";
		};
		F80320022A7BE449008579F1 /* Preview Content */ = {
			isa = PBXGroup;
			children = (
				F80320032A7BE449008579F1 /* Preview Assets.xcassets */,
			);
			path = "Preview Content";
			sourceTree = "<group>";
		};
		F803200C2A7BE449008579F1 /* Trail CompanionTests */ = {
			isa = PBXGroup;
			children = (
				F803200D2A7BE449008579F1 /* Trail_CompanionTests.swift */,
			);
			path = "Trail CompanionTests";
			sourceTree = "<group>";
		};
		F80320162A7BE449008579F1 /* Trail CompanionUITests */ = {
			isa = PBXGroup;
			children = (
				F80320172A7BE449008579F1 /* Trail_CompanionUITests.swift */,
				F80320192A7BE449008579F1 /* Trail_CompanionUITestsLaunchTests.swift */,
			);
			path = "Trail CompanionUITests";
			sourceTree = "<group>";
		};
		F80320392A7BE7A6008579F1 /* Data */ = {
			isa = PBXGroup;
			children = (
				F81BD58F2AAF52620078A518 /* GRR.gpx */,
				F8B7D7382A88C47A002E135C /* GRP120_T1.gpx */,
			);
			path = Data;
			sourceTree = "<group>";
		};
		F803203E2A7CD82A008579F1 /* Model */ = {
			isa = PBXGroup;
			children = (
				F803203F2A7CD837008579F1 /* GPXModel.swift */,
				F80320412A7CD96D008579F1 /* ModelData.swift */,
				F80320482A83BF4D008579F1 /* GPXViewModel.swift */,
			);
			path = Model;
			sourceTree = "<group>";
		};
		F823C7FE2ABED9A900640DD8 /* Map */ = {
			isa = PBXGroup;
			children = (
				F86383312A8F97CC00E00A42 /* MapCard.swift */,
			);
			path = Map;
			sourceTree = "<group>";
		};
		F823C7FF2ABED9B100640DD8 /* Profile */ = {
			isa = PBXGroup;
			children = (
				F863832B2A8E162400E00A42 /* ProfileCard.swift */,
			);
			path = Profile;
			sourceTree = "<group>";
		};
		F823C8002ABED9B900640DD8 /* Sections */ = {
			isa = PBXGroup;
			children = (
				F85B471B2A94925400533F08 /* SectionsCard.swift */,
				F823C8012ABED9D600640DD8 /* SectionRow.swift */,
			);
			path = Sections;
			sourceTree = "<group>";
		};
		F82E8BCB2AA71A5A00376375 /* Profile */ = {
			isa = PBXGroup;
			children = (
				F82E8BCC2AA71A6A00376375 /* ProfileView.swift */,
			);
			path = Profile;
			sourceTree = "<group>";
		};
		F85B471A2A94923500533F08 /* Cards */ = {
			isa = PBXGroup;
			children = (
				F823C7FF2ABED9B100640DD8 /* Profile */,
				F823C7FE2ABED9A900640DD8 /* Map */,
				F823C8002ABED9B900640DD8 /* Sections */,
			);
			path = Cards;
			sourceTree = "<group>";
		};
		F862AC972AB84599003F4159 /* Launch Screen */ = {
			isa = PBXGroup;
			children = (
			);
			path = "Launch Screen";
			sourceTree = "<group>";
		};
		F86383282A8DFEED00E00A42 /* PageView */ = {
			isa = PBXGroup;
			children = (
				F85B471A2A94923500533F08 /* Cards */,
				F86383292A8DFEFF00E00A42 /* PageViewController.swift */,
				F863832D2A8E164500E00A42 /* PageView.swift */,
			);
			path = PageView;
			sourceTree = "<group>";
		};
		F8B7D7372A88B889002E135C /* View */ = {
			isa = PBXGroup;
			children = (
				F862AC972AB84599003F4159 /* Launch Screen */,
				F82E8BCB2AA71A5A00376375 /* Profile */,
				F86383282A8DFEED00E00A42 /* PageView */,
				F87418FD2A8A74ED00EAFDBE /* TraceRow.swift */,
				F87418FF2A8A84A400EAFDBE /* TraceList.swift */,
				F87419012A8A881200EAFDBE /* TraceDetail.swift */,
			);
			path = View;
			sourceTree = "<group>";
		};
/* End PBXGroup section */

/* Begin PBXNativeTarget section */
		F8031FF72A7BE448008579F1 /* Trail Companion */ = {
			isa = PBXNativeTarget;
			buildConfigurationList = F803201D2A7BE449008579F1 /* Build configuration list for PBXNativeTarget "Trail Companion" */;
			buildPhases = (
				F8031FF42A7BE448008579F1 /* Sources */,
				F8031FF52A7BE448008579F1 /* Frameworks */,
				F8031FF62A7BE448008579F1 /* Resources */,
				F87419032A8B74ED00EAFDBE /* SwiftLint */,
			);
			buildRules = (
			);
			dependencies = (
			);
			name = "Trail Companion";
			packageProductDependencies = (
				F80320462A838366008579F1 /* XMLParsing */,
			);
			productName = "Trail Companion";
			productReference = F8031FF82A7BE448008579F1 /* Trail Companion.app */;
			productType = "com.apple.product-type.application";
		};
		F80320082A7BE449008579F1 /* Trail CompanionTests */ = {
			isa = PBXNativeTarget;
			buildConfigurationList = F80320202A7BE449008579F1 /* Build configuration list for PBXNativeTarget "Trail CompanionTests" */;
			buildPhases = (
				F80320052A7BE449008579F1 /* Sources */,
				F80320062A7BE449008579F1 /* Frameworks */,
				F80320072A7BE449008579F1 /* Resources */,
			);
			buildRules = (
			);
			dependencies = (
				F803200B2A7BE449008579F1 /* PBXTargetDependency */,
			);
			name = "Trail CompanionTests";
			productName = "Trail CompanionTests";
			productReference = F80320092A7BE449008579F1 /* Trail CompanionTests.xctest */;
			productType = "com.apple.product-type.bundle.unit-test";
		};
		F80320122A7BE449008579F1 /* Trail CompanionUITests */ = {
			isa = PBXNativeTarget;
			buildConfigurationList = F80320232A7BE449008579F1 /* Build configuration list for PBXNativeTarget "Trail CompanionUITests" */;
			buildPhases = (
				F803200F2A7BE449008579F1 /* Sources */,
				F80320102A7BE449008579F1 /* Frameworks */,
				F80320112A7BE449008579F1 /* Resources */,
			);
			buildRules = (
			);
			dependencies = (
				F80320152A7BE449008579F1 /* PBXTargetDependency */,
			);
			name = "Trail CompanionUITests";
			productName = "Trail CompanionUITests";
			productReference = F80320132A7BE449008579F1 /* Trail CompanionUITests.xctest */;
			productType = "com.apple.product-type.bundle.ui-testing";
		};
/* End PBXNativeTarget section */

/* Begin PBXProject section */
		F8031FF02A7BE448008579F1 /* Project object */ = {
			isa = PBXProject;
			attributes = {
				BuildIndependentTargetsInParallel = 1;
				LastSwiftUpdateCheck = 1500;
				LastUpgradeCheck = 1500;
				TargetAttributes = {
					F8031FF72A7BE448008579F1 = {
						CreatedOnToolsVersion = 15.0;
					};
					F80320082A7BE449008579F1 = {
						CreatedOnToolsVersion = 15.0;
						TestTargetID = F8031FF72A7BE448008579F1;
					};
					F80320122A7BE449008579F1 = {
						CreatedOnToolsVersion = 15.0;
						TestTargetID = F8031FF72A7BE448008579F1;
					};
				};
			};
			buildConfigurationList = F8031FF32A7BE448008579F1 /* Build configuration list for PBXProject "Trail Companion" */;
			compatibilityVersion = "Xcode 14.0";
			developmentRegion = en;
			hasScannedForEncodings = 0;
			knownRegions = (
				en,
				Base,
				fr,
			);
			mainGroup = F8031FEF2A7BE448008579F1;
			packageReferences = (
				F80320452A838366008579F1 /* XCRemoteSwiftPackageReference "XMLParsing" */,
			);
			productRefGroup = F8031FF92A7BE448008579F1 /* Products */;
			projectDirPath = "";
			projectRoot = "";
			targets = (
				F8031FF72A7BE448008579F1 /* Trail Companion */,
				F80320082A7BE449008579F1 /* Trail CompanionTests */,
				F80320122A7BE449008579F1 /* Trail CompanionUITests */,
			);
		};
/* End PBXProject section */

/* Begin PBXResourcesBuildPhase section */
		F8031FF62A7BE448008579F1 /* Resources */ = {
			isa = PBXResourcesBuildPhase;
			buildActionMask = 2147483647;
			files = (
				F87419082A8B874100EAFDBE /* .swiftlint.yml in Resources */,
				F80320042A7BE449008579F1 /* Preview Assets.xcassets in Resources */,
				F81BD5902AAF52620078A518 /* GRR.gpx in Resources */,
				F8B7D7392A88C47A002E135C /* GRP120_T1.gpx in Resources */,
				F8B7D7362A866DD3002E135C /* Localizable.xcstrings in Resources */,
				F80320002A7BE449008579F1 /* Assets.xcassets in Resources */,
			);
			runOnlyForDeploymentPostprocessing = 0;
		};
		F80320072A7BE449008579F1 /* Resources */ = {
			isa = PBXResourcesBuildPhase;
			buildActionMask = 2147483647;
			files = (
			);
			runOnlyForDeploymentPostprocessing = 0;
		};
		F80320112A7BE449008579F1 /* Resources */ = {
			isa = PBXResourcesBuildPhase;
			buildActionMask = 2147483647;
			files = (
			);
			runOnlyForDeploymentPostprocessing = 0;
		};
/* End PBXResourcesBuildPhase section */

/* Begin PBXShellScriptBuildPhase section */
		F87419032A8B74ED00EAFDBE /* SwiftLint */ = {
			isa = PBXShellScriptBuildPhase;
			alwaysOutOfDate = 1;
			buildActionMask = 2147483647;
			files = (
			);
			inputFileListPaths = (
			);
			inputPaths = (
			);
			name = SwiftLint;
			outputFileListPaths = (
			);
			outputPaths = (
			);
			runOnlyForDeploymentPostprocessing = 0;
			shellPath = /bin/sh;
			shellScript = "if [[ \"$(uname -m)\" == arm64 ]]; then\n    export PATH=\"/opt/homebrew/bin:$PATH\"\nfi\n\nif which swiftlint > /dev/null; then\n  swiftlint\nelse\n  echo \"warning: SwiftLint not installed, download from https://github.com/realm/SwiftLint\"\nfi\n";
		};
/* End PBXShellScriptBuildPhase section */

/* Begin PBXSourcesBuildPhase section */
		F8031FF42A7BE448008579F1 /* Sources */ = {
			isa = PBXSourcesBuildPhase;
			buildActionMask = 2147483647;
			files = (
				F86383322A8F97CC00E00A42 /* MapCard.swift in Sources */,
				F80320402A7CD837008579F1 /* GPXModel.swift in Sources */,
				F87418FE2A8A74ED00EAFDBE /* TraceRow.swift in Sources */,
				F85B471C2A94925400533F08 /* SectionsCard.swift in Sources */,
				F87419002A8A84A400EAFDBE /* TraceList.swift in Sources */,
				F863832C2A8E162400E00A42 /* ProfileCard.swift in Sources */,
				F823C8022ABED9D600640DD8 /* SectionRow.swift in Sources */,
				F8031FFC2A7BE448008579F1 /* Trail_CompanionApp.swift in Sources */,
				F87419022A8A881200EAFDBE /* TraceDetail.swift in Sources */,
				F863832A2A8DFEFF00E00A42 /* PageViewController.swift in Sources */,
				F823C7FD2ABAD76F00640DD8 /* Documentation.docc in Sources */,
				F863832E2A8E164500E00A42 /* PageView.swift in Sources */,
				F80320492A83BF4D008579F1 /* GPXViewModel.swift in Sources */,
				F82E8BCD2AA71A6A00376375 /* ProfileView.swift in Sources */,
				F80320422A7CD96D008579F1 /* ModelData.swift in Sources */,
			);
			runOnlyForDeploymentPostprocessing = 0;
		};
		F80320052A7BE449008579F1 /* Sources */ = {
			isa = PBXSourcesBuildPhase;
			buildActionMask = 2147483647;
			files = (
				F803200E2A7BE449008579F1 /* Trail_CompanionTests.swift in Sources */,
			);
			runOnlyForDeploymentPostprocessing = 0;
		};
		F803200F2A7BE449008579F1 /* Sources */ = {
			isa = PBXSourcesBuildPhase;
			buildActionMask = 2147483647;
			files = (
				F803201A2A7BE449008579F1 /* Trail_CompanionUITestsLaunchTests.swift in Sources */,
				F80320182A7BE449008579F1 /* Trail_CompanionUITests.swift in Sources */,
			);
			runOnlyForDeploymentPostprocessing = 0;
		};
/* End PBXSourcesBuildPhase section */

/* Begin PBXTargetDependency section */
		F803200B2A7BE449008579F1 /* PBXTargetDependency */ = {
			isa = PBXTargetDependency;
			target = F8031FF72A7BE448008579F1 /* Trail Companion */;
			targetProxy = F803200A2A7BE449008579F1 /* PBXContainerItemProxy */;
		};
		F80320152A7BE449008579F1 /* PBXTargetDependency */ = {
			isa = PBXTargetDependency;
			target = F8031FF72A7BE448008579F1 /* Trail Companion */;
			targetProxy = F80320142A7BE449008579F1 /* PBXContainerItemProxy */;
		};
/* End PBXTargetDependency section */

/* Begin XCBuildConfiguration section */
		F803201B2A7BE449008579F1 /* Debug */ = {
			isa = XCBuildConfiguration;
			buildSettings = {
				ALWAYS_SEARCH_USER_PATHS = NO;
				ASSETCATALOG_COMPILER_GENERATE_SWIFT_ASSET_SYMBOL_EXTENSIONS = YES;
				CLANG_ANALYZER_NONNULL = YES;
				CLANG_ANALYZER_NUMBER_OBJECT_CONVERSION = YES_AGGRESSIVE;
				CLANG_CXX_LANGUAGE_STANDARD = "gnu++20";
				CLANG_ENABLE_MODULES = YES;
				CLANG_ENABLE_OBJC_ARC = YES;
				CLANG_ENABLE_OBJC_WEAK = YES;
				CLANG_WARN_BLOCK_CAPTURE_AUTORELEASING = YES;
				CLANG_WARN_BOOL_CONVERSION = YES;
				CLANG_WARN_COMMA = YES;
				CLANG_WARN_CONSTANT_CONVERSION = YES;
				CLANG_WARN_DEPRECATED_OBJC_IMPLEMENTATIONS = YES;
				CLANG_WARN_DIRECT_OBJC_ISA_USAGE = YES_ERROR;
				CLANG_WARN_DOCUMENTATION_COMMENTS = YES;
				CLANG_WARN_EMPTY_BODY = YES;
				CLANG_WARN_ENUM_CONVERSION = YES;
				CLANG_WARN_INFINITE_RECURSION = YES;
				CLANG_WARN_INT_CONVERSION = YES;
				CLANG_WARN_NON_LITERAL_NULL_CONVERSION = YES;
				CLANG_WARN_OBJC_IMPLICIT_RETAIN_SELF = YES;
				CLANG_WARN_OBJC_LITERAL_CONVERSION = YES;
				CLANG_WARN_OBJC_ROOT_CLASS = YES_ERROR;
				CLANG_WARN_QUOTED_INCLUDE_IN_FRAMEWORK_HEADER = YES;
				CLANG_WARN_RANGE_LOOP_ANALYSIS = YES;
				CLANG_WARN_STRICT_PROTOTYPES = YES;
				CLANG_WARN_SUSPICIOUS_MOVE = YES;
				CLANG_WARN_UNGUARDED_AVAILABILITY = YES_AGGRESSIVE;
				CLANG_WARN_UNREACHABLE_CODE = YES;
				CLANG_WARN__DUPLICATE_METHOD_MATCH = YES;
				COPY_PHASE_STRIP = NO;
				DEBUG_INFORMATION_FORMAT = dwarf;
				ENABLE_STRICT_OBJC_MSGSEND = YES;
				ENABLE_TESTABILITY = YES;
				ENABLE_USER_SCRIPT_SANDBOXING = YES;
				GCC_C_LANGUAGE_STANDARD = gnu17;
				GCC_DYNAMIC_NO_PIC = NO;
				GCC_NO_COMMON_BLOCKS = YES;
				GCC_OPTIMIZATION_LEVEL = 0;
				GCC_PREPROCESSOR_DEFINITIONS = (
					"DEBUG=1",
					"$(inherited)",
				);
				GCC_WARN_64_TO_32_BIT_CONVERSION = YES;
				GCC_WARN_ABOUT_RETURN_TYPE = YES_ERROR;
				GCC_WARN_UNDECLARED_SELECTOR = YES;
				GCC_WARN_UNINITIALIZED_AUTOS = YES_AGGRESSIVE;
				GCC_WARN_UNUSED_FUNCTION = YES;
				GCC_WARN_UNUSED_VARIABLE = YES;
				LOCALIZATION_PREFERS_STRING_CATALOGS = YES;
				MTL_ENABLE_DEBUG_INFO = INCLUDE_SOURCE;
				MTL_FAST_MATH = YES;
				ONLY_ACTIVE_ARCH = YES;
				SWIFT_ACTIVE_COMPILATION_CONDITIONS = "DEBUG $(inherited)";
				SWIFT_OPTIMIZATION_LEVEL = "-Onone";
			};
			name = Debug;
		};
		F803201C2A7BE449008579F1 /* Release */ = {
			isa = XCBuildConfiguration;
			buildSettings = {
				ALWAYS_SEARCH_USER_PATHS = NO;
				ASSETCATALOG_COMPILER_GENERATE_SWIFT_ASSET_SYMBOL_EXTENSIONS = YES;
				CLANG_ANALYZER_NONNULL = YES;
				CLANG_ANALYZER_NUMBER_OBJECT_CONVERSION = YES_AGGRESSIVE;
				CLANG_CXX_LANGUAGE_STANDARD = "gnu++20";
				CLANG_ENABLE_MODULES = YES;
				CLANG_ENABLE_OBJC_ARC = YES;
				CLANG_ENABLE_OBJC_WEAK = YES;
				CLANG_WARN_BLOCK_CAPTURE_AUTORELEASING = YES;
				CLANG_WARN_BOOL_CONVERSION = YES;
				CLANG_WARN_COMMA = YES;
				CLANG_WARN_CONSTANT_CONVERSION = YES;
				CLANG_WARN_DEPRECATED_OBJC_IMPLEMENTATIONS = YES;
				CLANG_WARN_DIRECT_OBJC_ISA_USAGE = YES_ERROR;
				CLANG_WARN_DOCUMENTATION_COMMENTS = YES;
				CLANG_WARN_EMPTY_BODY = YES;
				CLANG_WARN_ENUM_CONVERSION = YES;
				CLANG_WARN_INFINITE_RECURSION = YES;
				CLANG_WARN_INT_CONVERSION = YES;
				CLANG_WARN_NON_LITERAL_NULL_CONVERSION = YES;
				CLANG_WARN_OBJC_IMPLICIT_RETAIN_SELF = YES;
				CLANG_WARN_OBJC_LITERAL_CONVERSION = YES;
				CLANG_WARN_OBJC_ROOT_CLASS = YES_ERROR;
				CLANG_WARN_QUOTED_INCLUDE_IN_FRAMEWORK_HEADER = YES;
				CLANG_WARN_RANGE_LOOP_ANALYSIS = YES;
				CLANG_WARN_STRICT_PROTOTYPES = YES;
				CLANG_WARN_SUSPICIOUS_MOVE = YES;
				CLANG_WARN_UNGUARDED_AVAILABILITY = YES_AGGRESSIVE;
				CLANG_WARN_UNREACHABLE_CODE = YES;
				CLANG_WARN__DUPLICATE_METHOD_MATCH = YES;
				COPY_PHASE_STRIP = NO;
				DEBUG_INFORMATION_FORMAT = "dwarf-with-dsym";
				ENABLE_NS_ASSERTIONS = NO;
				ENABLE_STRICT_OBJC_MSGSEND = YES;
				ENABLE_USER_SCRIPT_SANDBOXING = YES;
				GCC_C_LANGUAGE_STANDARD = gnu17;
				GCC_NO_COMMON_BLOCKS = YES;
				GCC_WARN_64_TO_32_BIT_CONVERSION = YES;
				GCC_WARN_ABOUT_RETURN_TYPE = YES_ERROR;
				GCC_WARN_UNDECLARED_SELECTOR = YES;
				GCC_WARN_UNINITIALIZED_AUTOS = YES_AGGRESSIVE;
				GCC_WARN_UNUSED_FUNCTION = YES;
				GCC_WARN_UNUSED_VARIABLE = YES;
				LOCALIZATION_PREFERS_STRING_CATALOGS = YES;
				MTL_ENABLE_DEBUG_INFO = NO;
				MTL_FAST_MATH = YES;
				SWIFT_COMPILATION_MODE = wholemodule;
			};
			name = Release;
		};
		F803201E2A7BE449008579F1 /* Debug */ = {
			isa = XCBuildConfiguration;
			buildSettings = {
				ASSETCATALOG_COMPILER_APPICON_NAME = AppIcon;
				ASSETCATALOG_COMPILER_GLOBAL_ACCENT_COLOR_NAME = AccentColor;
				ASSETCATALOG_COMPILER_INCLUDE_ALL_APPICON_ASSETS = YES;
				CODE_SIGN_ENTITLEMENTS = "Trail Companion/Trail_Companion.entitlements";
				CODE_SIGN_IDENTITY = "Apple Development";
				CODE_SIGN_STYLE = Automatic;
				CURRENT_PROJECT_VERSION = 1;
				DEVELOPMENT_ASSET_PATHS = "\"Trail Companion/Preview Content\"";
				DEVELOPMENT_TEAM = 5JXKR3997X;
				ENABLE_HARDENED_RUNTIME = YES;
				"ENABLE_HARDENED_RUNTIME[sdk=macosx*]" = YES;
				ENABLE_PREVIEWS = YES;
				ENABLE_USER_SCRIPT_SANDBOXING = NO;
				GENERATE_INFOPLIST_FILE = YES;
				INFOPLIST_FILE = "Trail-Companion-Info.plist";
				INFOPLIST_KEY_CFBundleDisplayName = TrailSight;
				INFOPLIST_KEY_LSApplicationCategoryType = "public.app-category.sports";
				"INFOPLIST_KEY_UIApplicationSceneManifest_Generation[sdk=iphoneos*]" = YES;
				"INFOPLIST_KEY_UIApplicationSceneManifest_Generation[sdk=iphonesimulator*]" = YES;
				"INFOPLIST_KEY_UIApplicationSupportsIndirectInputEvents[sdk=iphoneos*]" = YES;
				"INFOPLIST_KEY_UIApplicationSupportsIndirectInputEvents[sdk=iphonesimulator*]" = YES;
				"INFOPLIST_KEY_UILaunchScreen_Generation[sdk=iphoneos*]" = YES;
				"INFOPLIST_KEY_UILaunchScreen_Generation[sdk=iphonesimulator*]" = YES;
				INFOPLIST_KEY_UILaunchStoryboardName = "";
				"INFOPLIST_KEY_UIStatusBarStyle[sdk=iphoneos*]" = UIStatusBarStyleDefault;
				"INFOPLIST_KEY_UIStatusBarStyle[sdk=iphonesimulator*]" = UIStatusBarStyleDefault;
				INFOPLIST_KEY_UISupportedInterfaceOrientations_iPad = "UIInterfaceOrientationPortrait UIInterfaceOrientationPortraitUpsideDown UIInterfaceOrientationLandscapeLeft UIInterfaceOrientationLandscapeRight";
				INFOPLIST_KEY_UISupportedInterfaceOrientations_iPhone = "UIInterfaceOrientationPortrait UIInterfaceOrientationLandscapeLeft UIInterfaceOrientationLandscapeRight";
				IPHONEOS_DEPLOYMENT_TARGET = 17.0;
				LD_RUNPATH_SEARCH_PATHS = "@executable_path/Frameworks";
				"LD_RUNPATH_SEARCH_PATHS[sdk=macosx*]" = "@executable_path/../Frameworks";
				MACOSX_DEPLOYMENT_TARGET = 14.0;
				MARKETING_VERSION = 1.0;
				PRODUCT_BUNDLE_IDENTIFIER = ei.thomas.mary.trailcompanion;
				PRODUCT_NAME = "$(TARGET_NAME)";
				PROVISIONING_PROFILE_SPECIFIER = "";
				SDKROOT = auto;
				SUPPORTED_PLATFORMS = "iphoneos iphonesimulator macosx";
				SWIFT_EMIT_LOC_STRINGS = YES;
				SWIFT_VERSION = 5.0;
				TARGETED_DEVICE_FAMILY = "1,2";
			};
			name = Debug;
		};
		F803201F2A7BE449008579F1 /* Release */ = {
			isa = XCBuildConfiguration;
			buildSettings = {
				ASSETCATALOG_COMPILER_APPICON_NAME = AppIcon;
				ASSETCATALOG_COMPILER_GLOBAL_ACCENT_COLOR_NAME = AccentColor;
				ASSETCATALOG_COMPILER_INCLUDE_ALL_APPICON_ASSETS = YES;
				CODE_SIGN_ENTITLEMENTS = "Trail Companion/Trail_Companion.entitlements";
				CODE_SIGN_IDENTITY = "Apple Development";
				CODE_SIGN_STYLE = Automatic;
				CURRENT_PROJECT_VERSION = 1;
				DEVELOPMENT_ASSET_PATHS = "\"Trail Companion/Preview Content\"";
				DEVELOPMENT_TEAM = 5JXKR3997X;
				ENABLE_HARDENED_RUNTIME = YES;
				"ENABLE_HARDENED_RUNTIME[sdk=macosx*]" = YES;
				ENABLE_PREVIEWS = YES;
				ENABLE_USER_SCRIPT_SANDBOXING = NO;
				GENERATE_INFOPLIST_FILE = YES;
				INFOPLIST_FILE = "Trail-Companion-Info.plist";
				INFOPLIST_KEY_CFBundleDisplayName = TrailSight;
				INFOPLIST_KEY_LSApplicationCategoryType = "public.app-category.sports";
				"INFOPLIST_KEY_UIApplicationSceneManifest_Generation[sdk=iphoneos*]" = YES;
				"INFOPLIST_KEY_UIApplicationSceneManifest_Generation[sdk=iphonesimulator*]" = YES;
				"INFOPLIST_KEY_UIApplicationSupportsIndirectInputEvents[sdk=iphoneos*]" = YES;
				"INFOPLIST_KEY_UIApplicationSupportsIndirectInputEvents[sdk=iphonesimulator*]" = YES;
				"INFOPLIST_KEY_UILaunchScreen_Generation[sdk=iphoneos*]" = YES;
				"INFOPLIST_KEY_UILaunchScreen_Generation[sdk=iphonesimulator*]" = YES;
				INFOPLIST_KEY_UILaunchStoryboardName = "";
				"INFOPLIST_KEY_UIStatusBarStyle[sdk=iphoneos*]" = UIStatusBarStyleDefault;
				"INFOPLIST_KEY_UIStatusBarStyle[sdk=iphonesimulator*]" = UIStatusBarStyleDefault;
				INFOPLIST_KEY_UISupportedInterfaceOrientations_iPad = "UIInterfaceOrientationPortrait UIInterfaceOrientationPortraitUpsideDown UIInterfaceOrientationLandscapeLeft UIInterfaceOrientationLandscapeRight";
				INFOPLIST_KEY_UISupportedInterfaceOrientations_iPhone = "UIInterfaceOrientationPortrait UIInterfaceOrientationLandscapeLeft UIInterfaceOrientationLandscapeRight";
				IPHONEOS_DEPLOYMENT_TARGET = 17.0;
				LD_RUNPATH_SEARCH_PATHS = "@executable_path/Frameworks";
				"LD_RUNPATH_SEARCH_PATHS[sdk=macosx*]" = "@executable_path/../Frameworks";
				MACOSX_DEPLOYMENT_TARGET = 14.0;
				MARKETING_VERSION = 1.0;
				PRODUCT_BUNDLE_IDENTIFIER = ei.thomas.mary.trailcompanion;
				PRODUCT_NAME = "$(TARGET_NAME)";
				PROVISIONING_PROFILE_SPECIFIER = "";
				SDKROOT = auto;
				SUPPORTED_PLATFORMS = "iphoneos iphonesimulator macosx";
				SWIFT_EMIT_LOC_STRINGS = YES;
				SWIFT_VERSION = 5.0;
				TARGETED_DEVICE_FAMILY = "1,2";
			};
			name = Release;
		};
		F80320212A7BE449008579F1 /* Debug */ = {
			isa = XCBuildConfiguration;
			buildSettings = {
				ALWAYS_EMBED_SWIFT_STANDARD_LIBRARIES = YES;
				BUNDLE_LOADER = "$(TEST_HOST)";
				CODE_SIGN_STYLE = Automatic;
				CURRENT_PROJECT_VERSION = 1;
				DEVELOPMENT_TEAM = A338GM2DZW;
				GENERATE_INFOPLIST_FILE = YES;
				IPHONEOS_DEPLOYMENT_TARGET = 17.0;
				MACOSX_DEPLOYMENT_TARGET = 14.0;
				MARKETING_VERSION = 1.0;
				PRODUCT_BUNDLE_IDENTIFIER = "ei.thomas.mary.Trail-CompanionTests";
				PRODUCT_NAME = "$(TARGET_NAME)";
				SDKROOT = auto;
				SUPPORTED_PLATFORMS = "iphoneos iphonesimulator macosx";
				SWIFT_EMIT_LOC_STRINGS = NO;
				SWIFT_VERSION = 5.0;
				TARGETED_DEVICE_FAMILY = "1,2";
				TEST_HOST = "$(BUILT_PRODUCTS_DIR)/Trail Companion.app/$(BUNDLE_EXECUTABLE_FOLDER_PATH)/Trail Companion";
			};
			name = Debug;
		};
		F80320222A7BE449008579F1 /* Release */ = {
			isa = XCBuildConfiguration;
			buildSettings = {
				ALWAYS_EMBED_SWIFT_STANDARD_LIBRARIES = YES;
				BUNDLE_LOADER = "$(TEST_HOST)";
				CODE_SIGN_STYLE = Automatic;
				CURRENT_PROJECT_VERSION = 1;
				DEVELOPMENT_TEAM = A338GM2DZW;
				GENERATE_INFOPLIST_FILE = YES;
				IPHONEOS_DEPLOYMENT_TARGET = 17.0;
				MACOSX_DEPLOYMENT_TARGET = 14.0;
				MARKETING_VERSION = 1.0;
				PRODUCT_BUNDLE_IDENTIFIER = "ei.thomas.mary.Trail-CompanionTests";
				PRODUCT_NAME = "$(TARGET_NAME)";
				SDKROOT = auto;
				SUPPORTED_PLATFORMS = "iphoneos iphonesimulator macosx";
				SWIFT_EMIT_LOC_STRINGS = NO;
				SWIFT_VERSION = 5.0;
				TARGETED_DEVICE_FAMILY = "1,2";
				TEST_HOST = "$(BUILT_PRODUCTS_DIR)/Trail Companion.app/$(BUNDLE_EXECUTABLE_FOLDER_PATH)/Trail Companion";
			};
			name = Release;
		};
		F80320242A7BE449008579F1 /* Debug */ = {
			isa = XCBuildConfiguration;
			buildSettings = {
				ALWAYS_EMBED_SWIFT_STANDARD_LIBRARIES = YES;
				CODE_SIGN_STYLE = Automatic;
				CURRENT_PROJECT_VERSION = 1;
				DEVELOPMENT_TEAM = A338GM2DZW;
				GENERATE_INFOPLIST_FILE = YES;
				IPHONEOS_DEPLOYMENT_TARGET = 17.0;
				MACOSX_DEPLOYMENT_TARGET = 14.0;
				MARKETING_VERSION = 1.0;
				PRODUCT_BUNDLE_IDENTIFIER = "ei.thomas.mary.Trail-CompanionUITests";
				PRODUCT_NAME = "$(TARGET_NAME)";
				SDKROOT = auto;
				SUPPORTED_PLATFORMS = "iphoneos iphonesimulator macosx";
				SWIFT_EMIT_LOC_STRINGS = NO;
				SWIFT_VERSION = 5.0;
				TARGETED_DEVICE_FAMILY = "1,2";
				TEST_TARGET_NAME = "Trail Companion";
			};
			name = Debug;
		};
		F80320252A7BE449008579F1 /* Release */ = {
			isa = XCBuildConfiguration;
			buildSettings = {
				ALWAYS_EMBED_SWIFT_STANDARD_LIBRARIES = YES;
				CODE_SIGN_STYLE = Automatic;
				CURRENT_PROJECT_VERSION = 1;
				DEVELOPMENT_TEAM = A338GM2DZW;
				GENERATE_INFOPLIST_FILE = YES;
				IPHONEOS_DEPLOYMENT_TARGET = 17.0;
				MACOSX_DEPLOYMENT_TARGET = 14.0;
				MARKETING_VERSION = 1.0;
				PRODUCT_BUNDLE_IDENTIFIER = "ei.thomas.mary.Trail-CompanionUITests";
				PRODUCT_NAME = "$(TARGET_NAME)";
				SDKROOT = auto;
				SUPPORTED_PLATFORMS = "iphoneos iphonesimulator macosx";
				SWIFT_EMIT_LOC_STRINGS = NO;
				SWIFT_VERSION = 5.0;
				TARGETED_DEVICE_FAMILY = "1,2";
				TEST_TARGET_NAME = "Trail Companion";
			};
			name = Release;
		};
/* End XCBuildConfiguration section */

/* Begin XCConfigurationList section */
		F8031FF32A7BE448008579F1 /* Build configuration list for PBXProject "Trail Companion" */ = {
			isa = XCConfigurationList;
			buildConfigurations = (
				F803201B2A7BE449008579F1 /* Debug */,
				F803201C2A7BE449008579F1 /* Release */,
			);
			defaultConfigurationIsVisible = 0;
			defaultConfigurationName = Release;
		};
		F803201D2A7BE449008579F1 /* Build configuration list for PBXNativeTarget "Trail Companion" */ = {
			isa = XCConfigurationList;
			buildConfigurations = (
				F803201E2A7BE449008579F1 /* Debug */,
				F803201F2A7BE449008579F1 /* Release */,
			);
			defaultConfigurationIsVisible = 0;
			defaultConfigurationName = Release;
		};
		F80320202A7BE449008579F1 /* Build configuration list for PBXNativeTarget "Trail CompanionTests" */ = {
			isa = XCConfigurationList;
			buildConfigurations = (
				F80320212A7BE449008579F1 /* Debug */,
				F80320222A7BE449008579F1 /* Release */,
			);
			defaultConfigurationIsVisible = 0;
			defaultConfigurationName = Release;
		};
		F80320232A7BE449008579F1 /* Build configuration list for PBXNativeTarget "Trail CompanionUITests" */ = {
			isa = XCConfigurationList;
			buildConfigurations = (
				F80320242A7BE449008579F1 /* Debug */,
				F80320252A7BE449008579F1 /* Release */,
			);
			defaultConfigurationIsVisible = 0;
			defaultConfigurationName = Release;
		};
/* End XCConfigurationList section */

/* Begin XCRemoteSwiftPackageReference section */
		F80320452A838366008579F1 /* XCRemoteSwiftPackageReference "XMLParsing" */ = {
			isa = XCRemoteSwiftPackageReference;
			repositoryURL = "https://github.com/ShawnMoore/XMLParsing.git";
			requirement = {
				kind = upToNextMajorVersion;
				minimumVersion = 0.0.3;
			};
		};
/* End XCRemoteSwiftPackageReference section */

/* Begin XCSwiftPackageProductDependency section */
		F80320462A838366008579F1 /* XMLParsing */ = {
			isa = XCSwiftPackageProductDependency;
			package = F80320452A838366008579F1 /* XCRemoteSwiftPackageReference "XMLParsing" */;
			productName = XMLParsing;
		};
/* End XCSwiftPackageProductDependency section */
	};
	rootObject = F8031FF02A7BE448008579F1 /* Project object */;
}
